dependencies:
- name: marketplace-app-api-gateway
  repository: file://charts/api-gateway
  version: 0.1.0
- name: marketplace-app-auth-service
  repository: file://charts/auth-service
  version: 0.1.0
- name: marketplace-app-eureka-server
  repository: file://charts/eureka-server
  version: 0.1.0
- name: marketplace-app-kafka
  repository: file://charts/kafka
  version: 0.1.0
- name: marketplace-app-order-service
  repository: file://charts/order-service
  version: 0.1.0
- name: marketplace-app-payment-service
  repository: file://charts/payment-service
  version: 0.1.0
- name: marketplace-app-product-service
  repository: file://charts/product-service
  version: 0.1.0
digest: sha256:bbc15f140ca12cdc1b40015bf728794c30721739a03529437f4c0e398db24af4
generated: "2025-08-20T15:40:42.6290166+03:00"
