dependencies:
- name: marketplace-app-api-gateway
  repository: file://charts/api-gateway
  version: 0.1.0
- name: marketplace-app-auth-service
  repository: file://charts/auth-service
  version: 0.1.0
- name: marketplace-app-kafka
  repository: file://charts/kafka
  version: 0.1.0
- name: marketplace-app-order-service
  repository: file://charts/order-service
  version: 0.1.0
- name: marketplace-app-payment-service
  repository: file://charts/payment-service
  version: 0.1.0
- name: marketplace-app-product-service
  repository: file://charts/product-service
  version: 0.1.0
digest: sha256:3036af1251ae94e4c1cc79c11b7bb88004fc98648b0c132e1c3fcd06d36e0f98
generated: "2025-09-01T16:53:48.7066151+03:00"
